
Microsoft Visual Studio Solution File, Format Version 12.00
# Visual Studio Version 17
VisualStudioVersion = 17.2.32802.462
MinimumVisualStudioVersion = 10.0.40219.1
Project("{FAE04EC0-301F-11D3-BF4B-00C04F79EFBC}") = "ZH2_RYALKK", "ZH2_RYALKK\ZH2_RYALKK.csproj", "{60BD73B7-188F-4F9F-95D7-3098A2999E23}"
EndProject
Project("{FAE04EC0-301F-11D3-BF4B-00C04F79EFBC}") = "ZH2_API", "ZH2_API\ZH2_API.csproj", "{C59124C3-E17C-4467-84DB-DE35AC70C2CB}"
EndProject
Global
	GlobalSection(SolutionConfigurationPlatforms) = preSolution
		Debug|Any CPU = Debug|Any CPU
		Release|Any CPU = Release|Any CPU
	EndGlobalSection
	GlobalSection(ProjectConfigurationPlatforms) = postSolution
		{60BD73B7-188F-4F9F-95D7-3098A2999E23}.Debug|Any CPU.ActiveCfg = Debug|Any CPU
		{60BD73B7-188F-4F9F-95D7-3098A2999E23}.Debug|Any CPU.Build.0 = Debug|Any CPU
		{60BD73B7-188F-4F9F-95D7-3098A2999E23}.Release|Any CPU.ActiveCfg = Release|Any CPU
		{60BD73B7-188F-4F9F-95D7-3098A2999E23}.Release|Any CPU.Build.0 = Release|Any CPU
		{C59124C3-E17C-4467-84DB-DE35AC70C2CB}.Debug|Any CPU.ActiveCfg = Debug|Any CPU
		{C59124C3-E17C-4467-84DB-DE35AC70C2CB}.Debug|Any CPU.Build.0 = Debug|Any CPU
		{C59124C3-E17C-4467-84DB-DE35AC70C2CB}.Release|Any CPU.ActiveCfg = Release|Any CPU
		{C59124C3-E17C-4467-84DB-DE35AC70C2CB}.Release|Any CPU.Build.0 = Release|Any CPU
	EndGlobalSection
	GlobalSection(SolutionProperties) = preSolution
		HideSolutionNode = FALSE
	EndGlobalSection
	GlobalSection(ExtensibilityGlobals) = postSolution
		SolutionGuid = {54F044A4-2388-48D4-A45C-E001FFF18567}
	EndGlobalSection
EndGlobal
